
Microsoft Visual Studio Solution File, Format Version 12.00
# Visual Studio 2012
Project("{FAE04EC0-301F-11D3-BF4B-00C04F79EFBC}") = "ScholarStation", "ScholarStation\ScholarStation.csproj", "{774499D4-0070-4CE3-8A46-A848D1ABEBB8}"
EndProject
Global
	GlobalSection(SolutionConfigurationPlatforms) = preSolution
		Debug|Any CPU = Debug|Any CPU
		Release|Any CPU = Release|Any CPU
	EndGlobalSection
	GlobalSection(ProjectConfigurationPlatforms) = postSolution
		{774499D4-0070-4CE3-8A46-A848D1ABEBB8}.Debug|Any CPU.ActiveCfg = Debug|Any CPU
		{774499D4-0070-4CE3-8A46-A848D1ABEBB8}.Debug|Any CPU.Build.0 = Debug|Any CPU
		{774499D4-0070-4CE3-8A46-A848D1ABEBB8}.Release|Any CPU.ActiveCfg = Release|Any CPU
		{774499D4-0070-4CE3-8A46-A848D1ABEBB8}.Release|Any CPU.Build.0 = Release|Any CPU
	EndGlobalSection
EndGlobal
